filippo.io/edwards25519 v1.2.0 h1:crnVqOiS4jqYleHd9vaKZ+HKtHfllngJIiOpNpoJsjo=
filippo.io/edwards25519 v1.2.0/go.mod h1:xzAOLCNug/yB62zG1bQ8uziwrIqIuxhctzJT18Q77mc=
github.com/jonboulle/clockwork v0.5.0 h1:Hyh9A8u51kptdkR+cqRpT1EebBwTn1oK9YfGYbdFz6I=
github.com/jonboulle/clockwork v0.5.0/go.mod h1:3mZlmanh0g2NDKO5TWZVJAfofYk64M7XN3SzBPjZF60=
golang.org/x/crypto v0.56.0 h1:GUh5Ii4J5jtcseSMiRqr1jXCNHoxjeV9Fmekc2oLy6Y=
golang.org/x/crypto v0.56.0/go.mod h1:OMW5y6CY9l38uPLmxU6l6pwcXp1obtLo3e6gT7gQR2I=
periph.io/x/conn/v3 v3.7.3 h1:+8UblkC4omTB1M+jZTvTj3qoxQOTJy0ZRQm8DLUuVzc=
periph.io/x/conn/v3 v3.7.3/go.mod h1:tyV9YaYquOJ2Q2yAL0B5zk9ZvHGsbW56M6y92wjyPDQ=
